<Solution>
  <Folder Name="/benchmarks/">
    <Project Path="benchmarks/FlowPipeline.Benchmarks/FlowPipeline.Benchmarks.csproj" />
  </Folder>
  <Folder Name="/examples/">
    <Project Path="examples/BasicExample/BasicExample.csproj" />
    <Project Path="examples/OrderWorkflowExample/OrderWorkflowExample.csproj" />
    <Project Path="examples/ParameterizedExample/ParameterizedExample.csproj" />
  </Folder>
  <Folder Name="/src/">
    <Project Path="src/FlowPipeline/FlowPipeline.csproj" />
  </Folder>
  <Folder Name="/tests/">
    <Project Path="tests/FlowPipeline.Tests/FlowPipeline.Tests.csproj" />
  </Folder>
</Solution>
