<Solution>
  <Folder Name="/examples/">
    <Project Path="examples/BasicExample/BasicExample.csproj" />
  </Folder>
  <Folder Name="/src/">
    <Project Path="src/FlowPipeline/FlowPipeline.csproj" />
  </Folder>
  <Folder Name="/tests/">
    <Project Path="tests/FlowPipeline.Tests/FlowPipeline.Tests.csproj" />
  </Folder>
</Solution>
